# Build backend for the Baleen wheel that build_bundle.py installs into runtime/python.
# Installed with --require-hashes into a throwaway folder (never into the bundle), then used via
# `pip wheel --no-build-isolation`, so no unhashed package is fetched at build time.
# Regenerate: echo "setuptools>=75" | uv pip compile - --generate-hashes --universal --python-version 3.12 --no-header --no-annotate
setuptools==84.0.0 \
    --hash=sha256:51a52592b3b99e102b609654876bd65f19f999935166d1352678931132b0c670 \
    --hash=sha256:f4695c21257f0d9b537ec2692c941d02ee143b7cc1276941349a546573b2ef73
